<?xml version="1.0" encoding="UTF-8"?>
<!DOCTYPE plist PUBLIC "-//Apple//DTD PLIST 1.0//EN" "http://www.apple.com/DTDs/PropertyList-1.0.dtd">
<plist version="1.0">
<dict>
	<key>archiveVersion</key>
	<string>1</string>
	<key>classes</key>
	<dict/>
	<key>objectVersion</key>
	<string>46</string>
	<key>objects</key>
	<dict>
		<key>0E0DE60D1891110D000C6B65</key>
		<dict>
			<key>children</key>
			<array>
				<string>0E0DE60E1891110D000C6B65</string>
				<string>0E0DE60F1891110D000C6B65</string>
				<string>0E0DE6121891110D000C6B65</string>
				<string>0E0DE6191891110D000C6B65</string>
				<string>0E0DE61A1891110D000C6B65</string>
				<string>0E0DE62F1891110D000C6B65</string>
				<string>0E0DE6361891110D000C6B65</string>
				<string>0E0DE6371891110D000C6B65</string>
				<string>0E0DE6381891110D000C6B65</string>
				<string>0E0DE6391891110D000C6B65</string>
				<string>0E0DE63A1891110D000C6B65</string>
				<string>0E0DE6401891110D000C6B65</string>
				<string>0E0DE6411891110D000C6B65</string>
				<string>0E0DE6421891110D000C6B65</string>
				<string>0E0DE6451891110D000C6B65</string>
				<string>0E0DE6671891110D000C6B65</string>
				<string>0E0DE66B1891110D000C6B65</string>
				<string>0E0DE6741891110D000C6B65</string>
				<string>0E0DE67A1891110D000C6B65</string>
			</array>
			<key>isa</key>
			<string>PBXGroup</string>
			<key>path</key>
			<string>FBLoginUIControlSample</string>
			<key>sourceTree</key>
			<string>&lt;group&gt;</string>
		</dict>
		<key>0E0DE60E1891110D000C6B65</key>
		<dict>
			<key>fileEncoding</key>
			<string>4</string>
			<key>isa</key>
			<string>PBXFileReference</string>
			<key>lastKnownFileType</key>
			<string>sourcecode.c.h</string>
			<key>path</key>
			<string>AppDelegate.h</string>
			<key>sourceTree</key>
			<string>&lt;group&gt;</string>
		</dict>
		<key>0E0DE60F1891110D000C6B65</key>
		<dict>
			<key>fileEncoding</key>
			<string>4</string>
			<key>isa</key>
			<string>PBXFileReference</string>
			<key>lastKnownFileType</key>
			<string>sourcecode.c.objc</string>
			<key>path</key>
			<string>AppDelegate.m</string>
			<key>sourceTree</key>
			<string>&lt;group&gt;</string>
		</dict>
		<key>0E0DE6121891110D000C6B65</key>
		<dict>
			<key>children</key>
			<array>
				<string>0E0DE6131891110D000C6B65</string>
				<string>0E0DE6161891110D000C6B65</string>
			</array>
			<key>isa</key>
			<string>PBXGroup</string>
			<key>path</key>
			<string>FeedControllers</string>
			<key>sourceTree</key>
			<string>&lt;group&gt;</string>
		</dict>
		<key>0E0DE6131891110D000C6B65</key>
		<dict>
			<key>children</key>
			<array>
				<string>0E8DCC011894A5DF000C52CA</string>
				<string>0E8DCC021894A5DF000C52CA</string>
			</array>
			<key>isa</key>
			<string>PBXGroup</string>
			<key>path</key>
			<string>Cells</string>
			<key>sourceTree</key>
			<string>&lt;group&gt;</string>
		</dict>
		<key>0E0DE6161891110D000C6B65</key>
		<dict>
			<key>children</key>
			<array>
				<string>0E8DCBFE1894A5B5000C52CA</string>
				<string>0E8DCBFF1894A5B5000C52CA</string>
			</array>
			<key>isa</key>
			<string>PBXGroup</string>
			<key>path</key>
			<string>Controllers</string>
			<key>sourceTree</key>
			<string>&lt;group&gt;</string>
		</dict>
		<key>0E0DE6191891110D000C6B65</key>
		<dict>
			<key>isa</key>
			<string>PBXFileReference</string>
			<key>lastKnownFileType</key>
			<string>folder.assetcatalog</string>
			<key>path</key>
			<string>Images.xcassets</string>
			<key>sourceTree</key>
			<string>&lt;group&gt;</string>
		</dict>
		<key>0E0DE61A1891110D000C6B65</key>
		<dict>
			<key>children</key>
			<array>
				<string>0E0DE61B1891110D000C6B65</string>
				<string>0E0DE6271891110D000C6B65</string>
				<string>0E0DE62A1891110D000C6B65</string>
			</array>
			<key>isa</key>
			<string>PBXGroup</string>
			<key>path</key>
			<string>Library</string>
			<key>sourceTree</key>
			<string>&lt;group&gt;</string>
		</dict>
		<key>0E0DE61B1891110D000C6B65</key>
		<dict>
			<key>children</key>
			<array>
				<string>0E0DE61C1891110D000C6B65</string>
				<string>0E0DE61D1891110D000C6B65</string>
				<string>0E0DE61E1891110D000C6B65</string>
				<string>0E0DE61F1891110D000C6B65</string>
				<string>0E0DE6201891110D000C6B65</string>
				<string>0E0DE6211891110D000C6B65</string>
			</array>
			<key>isa</key>
			<string>PBXGroup</string>
			<key>path</key>
			<string>GHSidebarNav</string>
			<key>sourceTree</key>
			<string>&lt;group&gt;</string>
		</dict>
		<key>0E0DE61C1891110D000C6B65</key>
		<dict>
			<key>fileEncoding</key>
			<string>4</string>
			<key>isa</key>
			<string>PBXFileReference</string>
			<key>lastKnownFileType</key>
			<string>sourcecode.c.h</string>
			<key>path</key>
			<string>GHRevealViewController.h</string>
			<key>sourceTree</key>
			<string>&lt;group&gt;</string>
		</dict>
		<key>0E0DE61D1891110D000C6B65</key>
		<dict>
			<key>fileEncoding</key>
			<string>4</string>
			<key>isa</key>
			<string>PBXFileReference</string>
			<key>lastKnownFileType</key>
			<string>sourcecode.c.objc</string>
			<key>path</key>
			<string>GHRevealViewController.m</string>
			<key>sourceTree</key>
			<string>&lt;group&gt;</string>
		</dict>
		<key>0E0DE61E1891110D000C6B65</key>
		<dict>
			<key>fileEncoding</key>
			<string>4</string>
			<key>isa</key>
			<string>PBXFileReference</string>
			<key>lastKnownFileType</key>
			<string>sourcecode.c.h</string>
			<key>path</key>
			<string>GHSidebarSearchViewController.h</string>
			<key>sourceTree</key>
			<string>&lt;group&gt;</string>
		</dict>
		<key>0E0DE61F1891110D000C6B65</key>
		<dict>
			<key>fileEncoding</key>
			<string>4</string>
			<key>isa</key>
			<string>PBXFileReference</string>
			<key>lastKnownFileType</key>
			<string>sourcecode.c.objc</string>
			<key>path</key>
			<string>GHSidebarSearchViewController.m</string>
			<key>sourceTree</key>
			<string>&lt;group&gt;</string>
		</dict>
		<key>0E0DE6201891110D000C6B65</key>
		<dict>
			<key>fileEncoding</key>
			<string>4</string>
			<key>isa</key>
			<string>PBXFileReference</string>
			<key>lastKnownFileType</key>
			<string>sourcecode.c.h</string>
			<key>path</key>
			<string>GHSidebarSearchViewControllerDelegate.h</string>
			<key>sourceTree</key>
			<string>&lt;group&gt;</string>
		</dict>
		<key>0E0DE6211891110D000C6B65</key>
		<dict>
			<key>children</key>
			<array>
				<string>0E0DE6221891110D000C6B65</string>
				<string>0E0DE6231891110D000C6B65</string>
				<string>0E0DE6241891110D000C6B65</string>
				<string>0E0DE6251891110D000C6B65</string>
				<string>0E0DE6261891110D000C6B65</string>
			</array>
			<key>isa</key>
			<string>PBXGroup</string>
			<key>path</key>
			<string>Images</string>
			<key>sourceTree</key>
			<string>&lt;group&gt;</string>
		</dict>
		<key>0E0DE6221891110D000C6B65</key>
		<dict>
			<key>isa</key>
			<string>PBXFileReference</string>
			<key>lastKnownFileType</key>
			<string>image.png</string>
			<key>path</key>
			<string>searchBarBG.png</string>
			<key>sourceTree</key>
			<string>&lt;group&gt;</string>
		</dict>
		<key>0E0DE6231891110D000C6B65</key>
		<dict>
			<key>isa</key>
			<string>PBXFileReference</string>
			<key>lastKnownFileType</key>
			<string>image.png</string>
			<key>path</key>
			<string>searchBarIcon.png</string>
			<key>sourceTree</key>
			<string>&lt;group&gt;</string>
		</dict>
		<key>0E0DE6241891110D000C6B65</key>
		<dict>
			<key>isa</key>
			<string>PBXFileReference</string>
			<key>lastKnownFileType</key>
			<string>image.png</string>
			<key>path</key>
			<string>searchBarIcon@2x.png</string>
			<key>sourceTree</key>
			<string>&lt;group&gt;</string>
		</dict>
		<key>0E0DE6251891110D000C6B65</key>
		<dict>
			<key>isa</key>
			<string>PBXFileReference</string>
			<key>lastKnownFileType</key>
			<string>image.png</string>
			<key>path</key>
			<string>searchTextBG.png</string>
			<key>sourceTree</key>
			<string>&lt;group&gt;</string>
		</dict>
		<key>0E0DE6261891110D000C6B65</key>
		<dict>
			<key>isa</key>
			<string>PBXFileReference</string>
			<key>lastKnownFileType</key>
			<string>image.png</string>
			<key>path</key>
			<string>user.png</string>
			<key>sourceTree</key>
			<string>&lt;group&gt;</string>
		</dict>
		<key>0E0DE6271891110D000C6B65</key>
		<dict>
			<key>children</key>
			<array>
				<string>0E0DE6281891110D000C6B65</string>
				<string>0E0DE6291891110D000C6B65</string>
			</array>
			<key>isa</key>
			<string>PBXGroup</string>
			<key>path</key>
			<string>MBProgressHUD</string>
			<key>sourceTree</key>
			<string>&lt;group&gt;</string>
		</dict>
		<key>0E0DE6281891110D000C6B65</key>
		<dict>
			<key>fileEncoding</key>
			<string>4</string>
			<key>isa</key>
			<string>PBXFileReference</string>
			<key>lastKnownFileType</key>
			<string>sourcecode.c.h</string>
			<key>path</key>
			<string>MBProgressHUD.h</string>
			<key>sourceTree</key>
			<string>&lt;group&gt;</string>
		</dict>
		<key>0E0DE6291891110D000C6B65</key>
		<dict>
			<key>fileEncoding</key>
			<string>4</string>
			<key>isa</key>
			<string>PBXFileReference</string>
			<key>lastKnownFileType</key>
			<string>sourcecode.c.objc</string>
			<key>path</key>
			<string>MBProgressHUD.m</string>
			<key>sourceTree</key>
			<string>&lt;group&gt;</string>
		</dict>
		<key>0E0DE62A1891110D000C6B65</key>
		<dict>
			<key>children</key>
			<array>
				<string>0E0DE62B1891110D000C6B65</string>
				<string>0E0DE62C1891110D000C6B65</string>
				<string>0E0DE62D1891110D000C6B65</string>
				<string>0E0DE62E1891110D000C6B65</string>
			</array>
			<key>isa</key>
			<string>PBXGroup</string>
			<key>path</key>
			<string>RCSwitch</string>
			<key>sourceTree</key>
			<string>&lt;group&gt;</string>
		</dict>
		<key>0E0DE62B1891110D000C6B65</key>
		<dict>
			<key>fileEncoding</key>
			<string>4</string>
			<key>isa</key>
			<string>PBXFileReference</string>
			<key>lastKnownFileType</key>
			<string>sourcecode.c.h</string>
			<key>path</key>
			<string>RCSwitch.h</string>
			<key>sourceTree</key>
			<string>&lt;group&gt;</string>
		</dict>
		<key>0E0DE62C1891110D000C6B65</key>
		<dict>
			<key>fileEncoding</key>
			<string>4</string>
			<key>isa</key>
			<string>PBXFileReference</string>
			<key>lastKnownFileType</key>
			<string>sourcecode.c.objc</string>
			<key>path</key>
			<string>RCSwitch.m</string>
			<key>sourceTree</key>
			<string>&lt;group&gt;</string>
		</dict>
		<key>0E0DE62D1891110D000C6B65</key>
		<dict>
			<key>fileEncoding</key>
			<string>4</string>
			<key>isa</key>
			<string>PBXFileReference</string>
			<key>lastKnownFileType</key>
			<string>sourcecode.c.h</string>
			<key>path</key>
			<string>RCSwitchOnOff.h</string>
			<key>sourceTree</key>
			<string>&lt;group&gt;</string>
		</dict>
		<key>0E0DE62E1891110D000C6B65</key>
		<dict>
			<key>fileEncoding</key>
			<string>4</string>
			<key>isa</key>
			<string>PBXFileReference</string>
			<key>lastKnownFileType</key>
			<string>sourcecode.c.objc</string>
			<key>path</key>
			<string>RCSwitchOnOff.m</string>
			<key>sourceTree</key>
			<string>&lt;group&gt;</string>
		</dict>
		<key>0E0DE62F1891110D000C6B65</key>
		<dict>
			<key>children</key>
			<array>
				<string>0E0DE6301891110D000C6B65</string>
				<string>0E0DE6311891110D000C6B65</string>
				<string>0E0DE6321891110D000C6B65</string>
				<string>0E0DE6331891110D000C6B65</string>
				<string>0E0DE6341891110D000C6B65</string>
				<string>0E0DE6351891110D000C6B65</string>
			</array>
			<key>isa</key>
			<string>PBXGroup</string>
			<key>path</key>
			<string>LoginControllers</string>
			<key>sourceTree</key>
			<string>&lt;group&gt;</string>
		</dict>
		<key>0E0DE6301891110D000C6B65</key>
		<dict>
			<key>fileEncoding</key>
			<string>4</string>
			<key>isa</key>
			<string>PBXFileReference</string>
			<key>lastKnownFileType</key>
			<string>sourcecode.c.h</string>
			<key>path</key>
			<string>BaseLoginController.h</string>
			<key>sourceTree</key>
			<string>&lt;group&gt;</string>
		</dict>
		<key>0E0DE6311891110D000C6B65</key>
		<dict>
			<key>fileEncoding</key>
			<string>4</string>
			<key>isa</key>
			<string>PBXFileReference</string>
			<key>lastKnownFileType</key>
			<string>sourcecode.c.objc</string>
			<key>path</key>
			<string>BaseLoginController.m</string>
			<key>sourceTree</key>
			<string>&lt;group&gt;</string>
		</dict>
		<key>0E0DE6321891110D000C6B65</key>
		<dict>
			<key>fileEncoding</key>
			<string>4</string>
			<key>isa</key>
			<string>PBXFileReference</string>
			<key>lastKnownFileType</key>
			<string>sourcecode.c.h</string>
			<key>path</key>
			<string>LoginController3.h</string>
			<key>sourceTree</key>
			<string>&lt;group&gt;</string>
		</dict>
		<key>0E0DE6331891110D000C6B65</key>
		<dict>
			<key>fileEncoding</key>
			<string>4</string>
			<key>isa</key>
			<string>PBXFileReference</string>
			<key>lastKnownFileType</key>
			<string>sourcecode.c.objc</string>
			<key>path</key>
			<string>LoginController3.m</string>
			<key>sourceTree</key>
			<string>&lt;group&gt;</string>
		</dict>
		<key>0E0DE6341891110D000C6B65</key>
		<dict>
			<key>fileEncoding</key>
			<string>4</string>
			<key>isa</key>
			<string>PBXFileReference</string>
			<key>lastKnownFileType</key>
			<string>sourcecode.c.h</string>
			<key>path</key>
			<string>LoginController4.h</string>
			<key>sourceTree</key>
			<string>&lt;group&gt;</string>
		</dict>
		<key>0E0DE6351891110D000C6B65</key>
		<dict>
			<key>fileEncoding</key>
			<string>4</string>
			<key>isa</key>
			<string>PBXFileReference</string>
			<key>lastKnownFileType</key>
			<string>sourcecode.c.objc</string>
			<key>path</key>
			<string>LoginController4.m</string>
			<key>sourceTree</key>
			<string>&lt;group&gt;</string>
		</dict>
		<key>0E0DE6361891110D000C6B65</key>
		<dict>
			<key>fileEncoding</key>
			<string>4</string>
			<key>isa</key>
			<string>PBXFileReference</string>
			<key>lastKnownFileType</key>
			<string>sourcecode.c.h</string>
			<key>path</key>
			<string>LoginUIViewController.h</string>
			<key>sourceTree</key>
			<string>&lt;group&gt;</string>
		</dict>
		<key>0E0DE6371891110D000C6B65</key>
		<dict>
			<key>fileEncoding</key>
			<string>4</string>
			<key>isa</key>
			<string>PBXFileReference</string>
			<key>lastKnownFileType</key>
			<string>sourcecode.c.objc</string>
			<key>path</key>
			<string>LoginUIViewController.m</string>
			<key>sourceTree</key>
			<string>&lt;group&gt;</string>
		</dict>
		<key>0E0DE6381891110D000C6B65</key>
		<dict>
			<key>fileEncoding</key>
			<string>4</string>
			<key>isa</key>
			<string>PBXFileReference</string>
			<key>lastKnownFileType</key>
			<string>file.xib</string>
			<key>path</key>
			<string>LoginUIViewController.xib</string>
			<key>sourceTree</key>
			<string>&lt;group&gt;</string>
		</dict>
		<key>0E0DE6391891110D000C6B65</key>
		<dict>
			<key>fileEncoding</key>
			<string>4</string>
			<key>isa</key>
			<string>PBXFileReference</string>
			<key>lastKnownFileType</key>
			<string>sourcecode.c.objc</string>
			<key>path</key>
			<string>main.m</string>
			<key>sourceTree</key>
			<string>&lt;group&gt;</string>
		</dict>
		<key>0E0DE63A1891110D000C6B65</key>
		<dict>
			<key>children</key>
			<array>
				<string>0E0DE63B1891110D000C6B65</string>
				<string>0E0DE63E1891110D000C6B65</string>
				<string>0E0DE63F1891110D000C6B65</string>
			</array>
			<key>isa</key>
			<string>PBXGroup</string>
			<key>path</key>
			<string>MainController</string>
			<key>sourceTree</key>
			<string>&lt;group&gt;</string>
		</dict>
		<key>0E0DE63B1891110D000C6B65</key>
		<dict>
			<key>children</key>
			<array>
				<string>0E0DE63C1891110D000C6B65</string>
				<string>0E0DE63D1891110D000C6B65</string>
			</array>
			<key>isa</key>
			<string>PBXGroup</string>
			<key>path</key>
			<string>Cells</string>
			<key>sourceTree</key>
			<string>&lt;group&gt;</string>
		</dict>
		<key>0E0DE63C1891110D000C6B65</key>
		<dict>
			<key>fileEncoding</key>
			<string>4</string>
			<key>isa</key>
			<string>PBXFileReference</string>
			<key>lastKnownFileType</key>
			<string>sourcecode.c.h</string>
			<key>path</key>
			<string>MainCollectionCell.h</string>
			<key>sourceTree</key>
			<string>&lt;group&gt;</string>
		</dict>
		<key>0E0DE63D1891110D000C6B65</key>
		<dict>
			<key>fileEncoding</key>
			<string>4</string>
			<key>isa</key>
			<string>PBXFileReference</string>
			<key>lastKnownFileType</key>
			<string>sourcecode.c.objc</string>
			<key>path</key>
			<string>MainCollectionCell.m</string>
			<key>sourceTree</key>
			<string>&lt;group&gt;</string>
		</dict>
		<key>0E0DE63E1891110D000C6B65</key>
		<dict>
			<key>fileEncoding</key>
			<string>4</string>
			<key>isa</key>
			<string>PBXFileReference</string>
			<key>lastKnownFileType</key>
			<string>sourcecode.c.h</string>
			<key>path</key>
			<string>MainViewController.h</string>
			<key>sourceTree</key>
			<string>&lt;group&gt;</string>
		</dict>
		<key>0E0DE63F1891110D000C6B65</key>
		<dict>
			<key>fileEncoding</key>
			<string>4</string>
			<key>isa</key>
			<string>PBXFileReference</string>
			<key>lastKnownFileType</key>
			<string>sourcecode.c.objc</string>
			<key>path</key>
			<string>MainViewController.m</string>
			<key>sourceTree</key>
			<string>&lt;group&gt;</string>
		</dict>
		<key>0E0DE6401891110D000C6B65</key>
		<dict>
			<key>fileEncoding</key>
			<string>4</string>
			<key>isa</key>
			<string>PBXFileReference</string>
			<key>lastKnownFileType</key>
			<string>text.plist.xml</string>
			<key>path</key>
			<string>PartyAnimal-Info.plist</string>
			<key>sourceTree</key>
			<string>&lt;group&gt;</string>
		</dict>
		<key>0E0DE6411891110D000C6B65</key>
		<dict>
			<key>fileEncoding</key>
			<string>4</string>
			<key>isa</key>
			<string>PBXFileReference</string>
			<key>lastKnownFileType</key>
			<string>sourcecode.c.h</string>
			<key>path</key>
			<string>PartyAnimal-Prefix.pch</string>
			<key>sourceTree</key>
			<string>&lt;group&gt;</string>
		</dict>
		<key>0E0DE6421891110D000C6B65</key>
		<dict>
			<key>children</key>
			<array>
				<string>0E0DE6431891110D000C6B65</string>
				<string>0E0DE6441891110D000C6B65</string>
			</array>
			<key>isa</key>
			<string>PBXGroup</string>
			<key>path</key>
			<string>ProfileControllers</string>
			<key>sourceTree</key>
			<string>&lt;group&gt;</string>
		</dict>
		<key>0E0DE6431891110D000C6B65</key>
		<dict>
			<key>fileEncoding</key>
			<string>4</string>
			<key>isa</key>
			<string>PBXFileReference</string>
			<key>lastKnownFileType</key>
			<string>sourcecode.c.h</string>
			<key>path</key>
			<string>ProfileController1.h</string>
			<key>sourceTree</key>
			<string>&lt;group&gt;</string>
		</dict>
		<key>0E0DE6441891110D000C6B65</key>
		<dict>
			<key>fileEncoding</key>
			<string>4</string>
			<key>isa</key>
			<string>PBXFileReference</string>
			<key>lastKnownFileType</key>
			<string>sourcecode.c.objc</string>
			<key>path</key>
			<string>ProfileController1.m</string>
			<key>sourceTree</key>
			<string>&lt;group&gt;</string>
		</dict>
		<key>0E0DE6451891110D000C6B65</key>
		<dict>
			<key>children</key>
			<array>
				<string>0E0DE6461891110D000C6B65</string>
				<string>0E0DE6471891110D000C6B65</string>
				<string>0E0DE6481891110D000C6B65</string>
				<string>0E0DE6491891110D000C6B65</string>
				<string>0E0DE64A1891110D000C6B65</string>
				<string>0E0DE64B1891110D000C6B65</string>
				<string>0E0DE64C1891110D000C6B65</string>
				<string>0E0DE64D1891110D000C6B65</string>
				<string>0E0DE64E1891110D000C6B65</string>
				<string>0E0DE64F1891110D000C6B65</string>
				<string>0E0DE6501891110D000C6B65</string>
				<string>0E0DE6511891110D000C6B65</string>
				<string>0E0DE6521891110D000C6B65</string>
				<string>0E0DE6531891110D000C6B65</string>
				<string>0E0DE6541891110D000C6B65</string>
				<string>0E0DE6551891110D000C6B65</string>
				<string>0E0DE6561891110D000C6B65</string>
				<string>0E0DE6571891110D000C6B65</string>
				<string>0E0DE6581891110D000C6B65</string>
				<string>0E0DE6591891110D000C6B65</string>
				<string>0E0DE65A1891110D000C6B65</string>
				<string>0E0DE65B1891110D000C6B65</string>
				<string>0E0DE65C1891110D000C6B65</string>
				<string>0E0DE65D1891110D000C6B65</string>
				<string>0E0DE65E1891110D000C6B65</string>
				<string>0E0DE65F1891110D000C6B65</string>
				<string>0E0DE6601891110D000C6B65</string>
				<string>0E0DE6611891110D000C6B65</string>
				<string>0E0DE6621891110D000C6B65</string>
				<string>0E0DE6631891110D000C6B65</string>
				<string>0E0DE6641891110D000C6B65</string>
				<string>0E0DE6651891110D000C6B65</string>
				<string>0E0DE6661891110D000C6B65</string>
			</array>
			<key>isa</key>
			<string>PBXGroup</string>
			<key>path</key>
			<string>Resources</string>
			<key>sourceTree</key>
			<string>&lt;group&gt;</string>
		</dict>
		<key>0E0DE6461891110D000C6B65</key>
		<dict>
			<key>isa</key>
			<string>PBXFileReference</string>
			<key>lastKnownFileType</key>
			<string>image.png</string>
			<key>path</key>
			<string>account.png</string>
			<key>sourceTree</key>
			<string>&lt;group&gt;</string>
		</dict>
		<key>0E0DE6471891110D000C6B65</key>
		<dict>
			<key>isa</key>
			<string>PBXFileReference</string>
			<key>lastKnownFileType</key>
			<string>image.png</string>
			<key>path</key>
			<string>account@2x.png</string>
			<key>sourceTree</key>
			<string>&lt;group&gt;</string>
		</dict>
		<key>0E0DE6481891110D000C6B65</key>
		<dict>
			<key>isa</key>
			<string>PBXFileReference</string>
			<key>lastKnownFileType</key>
			<string>image.png</string>
			<key>path</key>
			<string>arrow.png</string>
			<key>sourceTree</key>
			<string>&lt;group&gt;</string>
		</dict>
		<key>0E0DE6491891110D000C6B65</key>
		<dict>
			<key>isa</key>
			<string>PBXFileReference</string>
			<key>lastKnownFileType</key>
			<string>image.png</string>
			<key>path</key>
			<string>arrow@2x.png</string>
			<key>sourceTree</key>
			<string>&lt;group&gt;</string>
		</dict>
		<key>0E0DE64A1891110D000C6B65</key>
		<dict>
			<key>isa</key>
			<string>PBXFileReference</string>
			<key>lastKnownFileType</key>
			<string>image.jpeg</string>
			<key>path</key>
			<string>bridge.jpg</string>
			<key>sourceTree</key>
			<string>&lt;group&gt;</string>
		</dict>
		<key>0E0DE64B1891110D000C6B65</key>
		<dict>
			<key>isa</key>
			<string>PBXFileReference</string>
			<key>lastKnownFileType</key>
			<string>image.png</string>
			<key>path</key>
			<string>check.png</string>
			<key>sourceTree</key>
			<string>&lt;group&gt;</string>
		</dict>
		<key>0E0DE64C1891110D000C6B65</key>
		<dict>
			<key>isa</key>
			<string>PBXFileReference</string>
			<key>lastKnownFileType</key>
			<string>image.png</string>
			<key>path</key>
			<string>check@2x.png</string>
			<key>sourceTree</key>
			<string>&lt;group&gt;</string>
		</dict>
		<key>0E0DE64D1891110D000C6B65</key>
		<dict>
			<key>isa</key>
			<string>PBXFileReference</string>
			<key>lastKnownFileType</key>
			<string>image.png</string>
			<key>path</key>
			<string>comment.png</string>
			<key>sourceTree</key>
			<string>&lt;group&gt;</string>
		</dict>
		<key>0E0DE64E1891110D000C6B65</key>
		<dict>
			<key>isa</key>
			<string>PBXFileReference</string>
			<key>lastKnownFileType</key>
			<string>image.png</string>
			<key>path</key>
			<string>comment@2x.png</string>
			<key>sourceTree</key>
			<string>&lt;group&gt;</string>
		</dict>
		<key>0E0DE64F1891110D000C6B65</key>
		<dict>
			<key>isa</key>
			<string>PBXFileReference</string>
			<key>lastKnownFileType</key>
			<string>image.png</string>
			<key>path</key>
			<string>compose.png</string>
			<key>sourceTree</key>
			<string>&lt;group&gt;</string>
		</dict>
		<key>0E0DE6501891110D000C6B65</key>
		<dict>
			<key>isa</key>
			<string>PBXFileReference</string>
			<key>lastKnownFileType</key>
			<string>image.png</string>
			<key>path</key>
			<string>compose@2x.png</string>
			<key>sourceTree</key>
			<string>&lt;group&gt;</string>
		</dict>
		<key>0E0DE6511891110D000C6B65</key>
		<dict>
			<key>isa</key>
			<string>PBXFileReference</string>
			<key>lastKnownFileType</key>
			<string>image.png</string>
			<key>path</key>
			<string>envelope.png</string>
			<key>sourceTree</key>
			<string>&lt;group&gt;</string>
		</dict>
		<key>0E0DE6521891110D000C6B65</key>
		<dict>
			<key>isa</key>
			<string>PBXFileReference</string>
			<key>lastKnownFileType</key>
			<string>image.png</string>
			<key>path</key>
			<string>envelope@2x.png</string>
			<key>sourceTree</key>
			<string>&lt;group&gt;</string>
		</dict>
		<key>0E0DE6531891110D000C6B65</key>
		<dict>
			<key>isa</key>
			<string>PBXFileReference</string>
			<key>lastKnownFileType</key>
			<string>image.jpeg</string>
			<key>path</key>
			<string>feed-armchair.jpg</string>
			<key>sourceTree</key>
			<string>&lt;group&gt;</string>
		</dict>
		<key>0E0DE6541891110D000C6B65</key>
		<dict>
			<key>isa</key>
			<string>PBXFileReference</string>
			<key>lastKnownFileType</key>
			<string>image.jpeg</string>
			<key>path</key>
			<string>feed-bridge.jpg</string>
			<key>sourceTree</key>
			<string>&lt;group&gt;</string>
		</dict>
		<key>0E0DE6551891110D000C6B65</key>
		<dict>
			<key>isa</key>
			<string>PBXFileReference</string>
			<key>lastKnownFileType</key>
			<string>image.png</string>
			<key>path</key>
			<string>heart.png</string>
			<key>sourceTree</key>
			<string>&lt;group&gt;</string>
		</dict>
		<key>0E0DE6561891110D000C6B65</key>
		<dict>
			<key>isa</key>
			<string>PBXFileReference</string>
			<key>lastKnownFileType</key>
			<string>image.png</string>
			<key>path</key>
			<string>heart@2x.png</string>
			<key>sourceTree</key>
			<string>&lt;group&gt;</string>
		</dict>
		<key>0E0DE6571891110D000C6B65</key>
		<dict>
			<key>isa</key>
			<string>PBXFileReference</string>
			<key>lastKnownFileType</key>
			<string>image.png</string>
			<key>path</key>
			<string>lock.png</string>
			<key>sourceTree</key>
			<string>&lt;group&gt;</string>
		</dict>
		<key>0E0DE6581891110D000C6B65</key>
		<dict>
			<key>isa</key>
			<string>PBXFileReference</string>
			<key>lastKnownFileType</key>
			<string>image.png</string>
			<key>path</key>
			<string>lock@2x.png</string>
			<key>sourceTree</key>
			<string>&lt;group&gt;</string>
		</dict>
		<key>0E0DE6591891110D000C6B65</key>
		<dict>
			<key>isa</key>
			<string>PBXFileReference</string>
			<key>lastKnownFileType</key>
			<string>image.png</string>
			<key>path</key>
			<string>mail.png</string>
			<key>sourceTree</key>
			<string>&lt;group&gt;</string>
		</dict>
		<key>0E0DE65A1891110D000C6B65</key>
		<dict>
			<key>isa</key>
			<string>PBXFileReference</string>
			<key>lastKnownFileType</key>
			<string>image.png</string>
			<key>path</key>
			<string>mail@2x.png</string>
			<key>sourceTree</key>
			<string>&lt;group&gt;</string>
		</dict>
		<key>0E0DE65B1891110D000C6B65</key>
		<dict>
			<key>isa</key>
			<string>PBXFileReference</string>
			<key>lastKnownFileType</key>
			<string>image.png</string>
			<key>path</key>
			<string>menu.png</string>
			<key>sourceTree</key>
			<string>&lt;group&gt;</string>
		</dict>
		<key>0E0DE65C1891110D000C6B65</key>
		<dict>
			<key>isa</key>
			<string>PBXFileReference</string>
			<key>lastKnownFileType</key>
			<string>image.png</string>
			<key>path</key>
			<string>menu@2x.png</string>
			<key>sourceTree</key>
			<string>&lt;group&gt;</string>
		</dict>
		<key>0E0DE65D1891110D000C6B65</key>
		<dict>
			<key>isa</key>
			<string>PBXFileReference</string>
			<key>lastKnownFileType</key>
			<string>image.jpeg</string>
			<key>path</key>
			<string>profile-1.jpg</string>
			<key>sourceTree</key>
			<string>&lt;group&gt;</string>
		</dict>
		<key>0E0DE65E1891110D000C6B65</key>
		<dict>
			<key>isa</key>
			<string>PBXFileReference</string>
			<key>lastKnownFileType</key>
			<string>image.jpeg</string>
			<key>path</key>
			<string>profile-2.jpg</string>
			<key>sourceTree</key>
			<string>&lt;group&gt;</string>
		</dict>
		<key>0E0DE65F1891110D000C6B65</key>
		<dict>
			<key>isa</key>
			<string>PBXFileReference</string>
			<key>lastKnownFileType</key>
			<string>image.jpeg</string>
			<key>path</key>
			<string>profile-3.jpg</string>
			<key>sourceTree</key>
			<string>&lt;group&gt;</string>
		</dict>
		<key>0E0DE6601891110D000C6B65</key>
		<dict>
			<key>isa</key>
			<string>PBXFileReference</string>
			<key>lastKnownFileType</key>
			<string>image.jpeg</string>
			<key>path</key>
			<string>profile.jpg</string>
			<key>sourceTree</key>
			<string>&lt;group&gt;</string>
		</dict>
		<key>0E0DE6611891110D000C6B65</key>
		<dict>
			<key>isa</key>
			<string>PBXFileReference</string>
			<key>lastKnownFileType</key>
			<string>image.jpeg</string>
			<key>path</key>
			<string>running.jpg</string>
			<key>sourceTree</key>
			<string>&lt;group&gt;</string>
		</dict>
		<key>0E0DE6621891110D000C6B65</key>
		<dict>
			<key>isa</key>
			<string>PBXFileReference</string>
			<key>lastKnownFileType</key>
			<string>image.png</string>
			<key>path</key>
			<string>search.png</string>
			<key>sourceTree</key>
			<string>&lt;group&gt;</string>
		</dict>
		<key>0E0DE6631891110D000C6B65</key>
		<dict>
			<key>isa</key>
			<string>PBXFileReference</string>
			<key>lastKnownFileType</key>
			<string>image.png</string>
			<key>path</key>
			<string>search@2x.png</string>
			<key>sourceTree</key>
			<string>&lt;group&gt;</string>
		</dict>
		<key>0E0DE6641891110D000C6B65</key>
		<dict>
			<key>isa</key>
			<string>PBXFileReference</string>
			<key>lastKnownFileType</key>
			<string>image.png</string>
			<key>path</key>
			<string>settings.png</string>
			<key>sourceTree</key>
			<string>&lt;group&gt;</string>
		</dict>
		<key>0E0DE6651891110D000C6B65</key>
		<dict>
			<key>isa</key>
			<string>PBXFileReference</string>
			<key>lastKnownFileType</key>
			<string>image.png</string>
			<key>path</key>
			<string>settings@2x.png</string>
			<key>sourceTree</key>
			<string>&lt;group&gt;</string>
		</dict>
		<key>0E0DE6661891110D000C6B65</key>
		<dict>
			<key>isa</key>
			<string>PBXFileReference</string>
			<key>lastKnownFileType</key>
			<string>image.jpeg</string>
			<key>path</key>
			<string>wine-cork.jpg</string>
			<key>sourceTree</key>
			<string>&lt;group&gt;</string>
		</dict>
		<key>0E0DE6671891110D000C6B65</key>
		<dict>
			<key>children</key>
			<array>
				<string>0E0DE6681891110D000C6B65</string>
			</array>
			<key>isa</key>
			<string>PBXGroup</string>
			<key>path</key>
			<string>SettingsControllers</string>
			<key>sourceTree</key>
			<string>&lt;group&gt;</string>
		</dict>
		<key>0E0DE6681891110D000C6B65</key>
		<dict>
			<key>children</key>
			<array>
				<string>0E0DE6691891110D000C6B65</string>
				<string>0E0DE66A1891110D000C6B65</string>
			</array>
			<key>isa</key>
			<string>PBXGroup</string>
			<key>path</key>
			<string>Views</string>
			<key>sourceTree</key>
			<string>&lt;group&gt;</string>
		</dict>
		<key>0E0DE6691891110D000C6B65</key>
		<dict>
			<key>fileEncoding</key>
			<string>4</string>
			<key>isa</key>
			<string>PBXFileReference</string>
			<key>lastKnownFileType</key>
			<string>sourcecode.c.h</string>
			<key>path</key>
			<string>SettingsController.h</string>
			<key>sourceTree</key>
			<string>&lt;group&gt;</string>
		</dict>
		<key>0E0DE66A1891110D000C6B65</key>
		<dict>
			<key>fileEncoding</key>
			<string>4</string>
			<key>isa</key>
			<string>PBXFileReference</string>
			<key>lastKnownFileType</key>
			<string>sourcecode.c.objc</string>
			<key>path</key>
			<string>SettingsController.m</string>
			<key>sourceTree</key>
			<string>&lt;group&gt;</string>
		</dict>
		<key>0E0DE66B1891110D000C6B65</key>
		<dict>
			<key>children</key>
			<array>
				<string>0E0DE66C1891110D000C6B65</string>
				<string>0E0DE66F1891110D000C6B65</string>
			</array>
			<key>isa</key>
			<string>PBXGroup</string>
			<key>path</key>
			<string>SidebarControllers</string>
			<key>sourceTree</key>
			<string>&lt;group&gt;</string>
		</dict>
		<key>0E0DE66C1891110D000C6B65</key>
		<dict>
			<key>children</key>
			<array>
				<string>0E0DE66D1891110D000C6B65</string>
				<string>0E0DE66E1891110D000C6B65</string>
			</array>
			<key>isa</key>
			<string>PBXGroup</string>
			<key>path</key>
			<string>Cells</string>
			<key>sourceTree</key>
			<string>&lt;group&gt;</string>
		</dict>
		<key>0E0DE66D1891110D000C6B65</key>
		<dict>
			<key>fileEncoding</key>
			<string>4</string>
			<key>isa</key>
			<string>PBXFileReference</string>
			<key>lastKnownFileType</key>
			<string>sourcecode.c.h</string>
			<key>path</key>
			<string>SidebarCell1.h</string>
			<key>sourceTree</key>
			<string>&lt;group&gt;</string>
		</dict>
		<key>0E0DE66E1891110D000C6B65</key>
		<dict>
			<key>fileEncoding</key>
			<string>4</string>
			<key>isa</key>
			<string>PBXFileReference</string>
			<key>lastKnownFileType</key>
			<string>sourcecode.c.objc</string>
			<key>path</key>
			<string>SidebarCell1.m</string>
			<key>sourceTree</key>
			<string>&lt;group&gt;</string>
		</dict>
		<key>0E0DE66F1891110D000C6B65</key>
		<dict>
			<key>children</key>
			<array>
				<string>0E0DE6701891110D000C6B65</string>
				<string>0E0DE6711891110D000C6B65</string>
				<string>0E0DE6721891110D000C6B65</string>
				<string>0E0DE6731891110D000C6B65</string>
			</array>
			<key>isa</key>
			<string>PBXGroup</string>
			<key>path</key>
			<string>Controllers</string>
			<key>sourceTree</key>
			<string>&lt;group&gt;</string>
		</dict>
		<key>0E0DE6701891110D000C6B65</key>
		<dict>
			<key>fileEncoding</key>
			<string>4</string>
			<key>isa</key>
			<string>PBXFileReference</string>
			<key>lastKnownFileType</key>
			<string>sourcecode.c.h</string>
			<key>path</key>
			<string>MainSideViewController.h</string>
			<key>sourceTree</key>
			<string>&lt;group&gt;</string>
		</dict>
		<key>0E0DE6711891110D000C6B65</key>
		<dict>
			<key>fileEncoding</key>
			<string>4</string>
			<key>isa</key>
			<string>PBXFileReference</string>
			<key>lastKnownFileType</key>
			<string>sourcecode.c.objc</string>
			<key>path</key>
			<string>MainSideViewController.m</string>
			<key>sourceTree</key>
			<string>&lt;group&gt;</string>
		</dict>
		<key>0E0DE6721891110D000C6B65</key>
		<dict>
			<key>fileEncoding</key>
			<string>4</string>
			<key>isa</key>
			<string>PBXFileReference</string>
			<key>lastKnownFileType</key>
			<string>sourcecode.c.h</string>
			<key>path</key>
			<string>SidebarController1.h</string>
			<key>sourceTree</key>
			<string>&lt;group&gt;</string>
		</dict>
		<key>0E0DE6731891110D000C6B65</key>
		<dict>
			<key>fileEncoding</key>
			<string>4</string>
			<key>isa</key>
			<string>PBXFileReference</string>
			<key>lastKnownFileType</key>
			<string>sourcecode.c.objc</string>
			<key>path</key>
			<string>SidebarController1.m</string>
			<key>sourceTree</key>
			<string>&lt;group&gt;</string>
		</dict>
		<key>0E0DE6741891110D000C6B65</key>
		<dict>
			<key>children</key>
			<array>
				<string>0E0DE6751891110D000C6B65</string>
				<string>0E0DE6761891110D000C6B65</string>
				<string>0E0DE6771891110D000C6B65</string>
				<string>0E0DE6781891110D000C6B65</string>
				<string>0E0DE6791891110D000C6B65</string>
			</array>
			<key>isa</key>
			<string>PBXGroup</string>
			<key>path</key>
			<string>Storyboards</string>
			<key>sourceTree</key>
			<string>&lt;group&gt;</string>
		</dict>
		<key>0E0DE6751891110D000C6B65</key>
		<dict>
			<key>fileEncoding</key>
			<string>4</string>
			<key>isa</key>
			<string>PBXFileReference</string>
			<key>lastKnownFileType</key>
			<string>file.storyboard</string>
			<key>path</key>
			<string>FeedStoryboard.storyboard</string>
			<key>sourceTree</key>
			<string>&lt;group&gt;</string>
		</dict>
		<key>0E0DE6761891110D000C6B65</key>
		<dict>
			<key>fileEncoding</key>
			<string>4</string>
			<key>isa</key>
			<string>PBXFileReference</string>
			<key>lastKnownFileType</key>
			<string>file.storyboard</string>
			<key>path</key>
			<string>LoginStoryboard.storyboard</string>
			<key>sourceTree</key>
			<string>&lt;group&gt;</string>
		</dict>
		<key>0E0DE6771891110D000C6B65</key>
		<dict>
			<key>fileEncoding</key>
			<string>4</string>
			<key>isa</key>
			<string>PBXFileReference</string>
			<key>lastKnownFileType</key>
			<string>file.storyboard</string>
			<key>path</key>
			<string>ProfileStoryboard.storyboard</string>
			<key>sourceTree</key>
			<string>&lt;group&gt;</string>
		</dict>
		<key>0E0DE6781891110D000C6B65</key>
		<dict>
			<key>fileEncoding</key>
			<string>4</string>
			<key>isa</key>
			<string>PBXFileReference</string>
			<key>lastKnownFileType</key>
			<string>file.storyboard</string>
			<key>path</key>
			<string>SettingsStoryboard.storyboard</string>
			<key>sourceTree</key>
			<string>&lt;group&gt;</string>
		</dict>
		<key>0E0DE6791891110D000C6B65</key>
		<dict>
			<key>fileEncoding</key>
			<string>4</string>
			<key>isa</key>
			<string>PBXFileReference</string>
			<key>lastKnownFileType</key>
			<string>file.storyboard</string>
			<key>path</key>
			<string>SidebarStoryboard.storyboard</string>
			<key>sourceTree</key>
			<string>&lt;group&gt;</string>
		</dict>
		<key>0E0DE67A1891110D000C6B65</key>
		<dict>
			<key>children</key>
			<array>
				<string>0E0DE67B1891110D000C6B65</string>
				<string>0E0DE67C1891110D000C6B65</string>
				<string>0E0DE67D1891110D000C6B65</string>
				<string>0E0DE67E1891110D000C6B65</string>
				<string>0E0DE67F1891110D000C6B65</string>
				<string>0E0DE6801891110D000C6B65</string>
				<string>0E0DE6811891110D000C6B65</string>
				<string>0E0DE6821891110D000C6B65</string>
			</array>
			<key>isa</key>
			<string>PBXGroup</string>
			<key>path</key>
			<string>Utils</string>
			<key>sourceTree</key>
			<string>&lt;group&gt;</string>
		</dict>
		<key>0E0DE67B1891110D000C6B65</key>
		<dict>
			<key>fileEncoding</key>
			<string>4</string>
			<key>isa</key>
			<string>PBXFileReference</string>
			<key>lastKnownFileType</key>
			<string>sourcecode.c.h</string>
			<key>path</key>
			<string>ControllerInfo.h</string>
			<key>sourceTree</key>
			<string>&lt;group&gt;</string>
		</dict>
		<key>0E0DE67C1891110D000C6B65</key>
		<dict>
			<key>fileEncoding</key>
			<string>4</string>
			<key>isa</key>
			<string>PBXFileReference</string>
			<key>lastKnownFileType</key>
			<string>sourcecode.c.objc</string>
			<key>path</key>
			<string>ControllerInfo.m</string>
			<key>sourceTree</key>
			<string>&lt;group&gt;</string>
		</dict>
		<key>0E0DE67D1891110D000C6B65</key>
		<dict>
			<key>fileEncoding</key>
			<string>4</string>
			<key>isa</key>
			<string>PBXFileReference</string>
			<key>lastKnownFileType</key>
			<string>sourcecode.c.h</string>
			<key>path</key>
			<string>FlatTheme.h</string>
			<key>sourceTree</key>
			<string>&lt;group&gt;</string>
		</dict>
		<key>0E0DE67E1891110D000C6B65</key>
		<dict>
			<key>fileEncoding</key>
			<string>4</string>
			<key>isa</key>
			<string>PBXFileReference</string>
			<key>lastKnownFileType</key>
			<string>sourcecode.c.objc</string>
			<key>path</key>
			<string>FlatTheme.m</string>
			<key>sourceTree</key>
			<string>&lt;group&gt;</string>
		</dict>
		<key>0E0DE67F1891110D000C6B65</key>
		<dict>
			<key>fileEncoding</key>
			<string>4</string>
			<key>isa</key>
			<string>PBXFileReference</string>
			<key>lastKnownFileType</key>
			<string>sourcecode.c.h</string>
			<key>path</key>
			<string>StoryboardInfo.h</string>
			<key>sourceTree</key>
			<string>&lt;group&gt;</string>
		</dict>
		<key>0E0DE6801891110D000C6B65</key>
		<dict>
			<key>fileEncoding</key>
			<string>4</string>
			<key>isa</key>
			<string>PBXFileReference</string>
			<key>lastKnownFileType</key>
			<string>sourcecode.c.objc</string>
			<key>path</key>
			<string>StoryboardInfo.m</string>
			<key>sourceTree</key>
			<string>&lt;group&gt;</string>
		</dict>
		<key>0E0DE6811891110D000C6B65</key>
		<dict>
			<key>fileEncoding</key>
			<string>4</string>
			<key>isa</key>
			<string>PBXFileReference</string>
			<key>lastKnownFileType</key>
			<string>sourcecode.c.h</string>
			<key>path</key>
			<string>Utils.h</string>
			<key>sourceTree</key>
			<string>&lt;group&gt;</string>
		</dict>
		<key>0E0DE6821891110D000C6B65</key>
		<dict>
			<key>fileEncoding</key>
			<string>4</string>
			<key>isa</key>
			<string>PBXFileReference</string>
			<key>lastKnownFileType</key>
			<string>sourcecode.c.objc</string>
			<key>path</key>
			<string>Utils.m</string>
			<key>sourceTree</key>
			<string>&lt;group&gt;</string>
		</dict>
		<key>0E0DE6831891110D000C6B65</key>
		<dict>
			<key>fileRef</key>
			<string>0E0DE60F1891110D000C6B65</string>
			<key>isa</key>
			<string>PBXBuildFile</string>
		</dict>
		<key>0E0DE6871891110D000C6B65</key>
		<dict>
			<key>fileRef</key>
			<string>0E0DE6191891110D000C6B65</string>
			<key>isa</key>
			<string>PBXBuildFile</string>
		</dict>
		<key>0E0DE6881891110D000C6B65</key>
		<dict>
			<key>fileRef</key>
			<string>0E0DE61D1891110D000C6B65</string>
			<key>isa</key>
			<string>PBXBuildFile</string>
		</dict>
		<key>0E0DE6891891110D000C6B65</key>
		<dict>
			<key>fileRef</key>
			<string>0E0DE61F1891110D000C6B65</string>
			<key>isa</key>
			<string>PBXBuildFile</string>
		</dict>
		<key>0E0DE68A1891110D000C6B65</key>
		<dict>
			<key>fileRef</key>
			<string>0E0DE6221891110D000C6B65</string>
			<key>isa</key>
			<string>PBXBuildFile</string>
		</dict>
		<key>0E0DE68B1891110D000C6B65</key>
		<dict>
			<key>fileRef</key>
			<string>0E0DE6231891110D000C6B65</string>
			<key>isa</key>
			<string>PBXBuildFile</string>
		</dict>
		<key>0E0DE68C1891110D000C6B65</key>
		<dict>
			<key>fileRef</key>
			<string>0E0DE6241891110D000C6B65</string>
			<key>isa</key>
			<string>PBXBuildFile</string>
		</dict>
		<key>0E0DE68D1891110D000C6B65</key>
		<dict>
			<key>fileRef</key>
			<string>0E0DE6251891110D000C6B65</string>
			<key>isa</key>
			<string>PBXBuildFile</string>
		</dict>
		<key>0E0DE68E1891110D000C6B65</key>
		<dict>
			<key>fileRef</key>
			<string>0E0DE6261891110D000C6B65</string>
			<key>isa</key>
			<string>PBXBuildFile</string>
		</dict>
		<key>0E0DE68F1891110D000C6B65</key>
		<dict>
			<key>fileRef</key>
			<string>0E0DE6291891110D000C6B65</string>
			<key>isa</key>
			<string>PBXBuildFile</string>
		</dict>
		<key>0E0DE6901891110D000C6B65</key>
		<dict>
			<key>fileRef</key>
			<string>0E0DE62C1891110D000C6B65</string>
			<key>isa</key>
			<string>PBXBuildFile</string>
		</dict>
		<key>0E0DE6911891110D000C6B65</key>
		<dict>
			<key>fileRef</key>
			<string>0E0DE62E1891110D000C6B65</string>
			<key>isa</key>
			<string>PBXBuildFile</string>
		</dict>
		<key>0E0DE6921891110D000C6B65</key>
		<dict>
			<key>fileRef</key>
			<string>0E0DE6311891110D000C6B65</string>
			<key>isa</key>
			<string>PBXBuildFile</string>
		</dict>
		<key>0E0DE6931891110D000C6B65</key>
		<dict>
			<key>fileRef</key>
			<string>0E0DE6331891110D000C6B65</string>
			<key>isa</key>
			<string>PBXBuildFile</string>
		</dict>
		<key>0E0DE6941891110D000C6B65</key>
		<dict>
			<key>fileRef</key>
			<string>0E0DE6351891110D000C6B65</string>
			<key>isa</key>
			<string>PBXBuildFile</string>
		</dict>
		<key>0E0DE6951891110D000C6B65</key>
		<dict>
			<key>fileRef</key>
			<string>0E0DE6371891110D000C6B65</string>
			<key>isa</key>
			<string>PBXBuildFile</string>
		</dict>
		<key>0E0DE6961891110D000C6B65</key>
		<dict>
			<key>fileRef</key>
			<string>0E0DE6381891110D000C6B65</string>
			<key>isa</key>
			<string>PBXBuildFile</string>
		</dict>
		<key>0E0DE6971891110D000C6B65</key>
		<dict>
			<key>fileRef</key>
			<string>0E0DE6391891110D000C6B65</string>
			<key>isa</key>
			<string>PBXBuildFile</string>
		</dict>
		<key>0E0DE6981891110D000C6B65</key>
		<dict>
			<key>fileRef</key>
			<string>0E0DE63D1891110D000C6B65</string>
			<key>isa</key>
			<string>PBXBuildFile</string>
		</dict>
		<key>0E0DE6991891110D000C6B65</key>
		<dict>
			<key>fileRef</key>
			<string>0E0DE63F1891110D000C6B65</string>
			<key>isa</key>
			<string>PBXBuildFile</string>
		</dict>
		<key>0E0DE69A1891110D000C6B65</key>
		<dict>
			<key>fileRef</key>
			<string>0E0DE6401891110D000C6B65</string>
			<key>isa</key>
			<string>PBXBuildFile</string>
		</dict>
		<key>0E0DE69B1891110D000C6B65</key>
		<dict>
			<key>fileRef</key>
			<string>0E0DE6441891110D000C6B65</string>
			<key>isa</key>
			<string>PBXBuildFile</string>
		</dict>
		<key>0E0DE69C1891110D000C6B65</key>
		<dict>
			<key>fileRef</key>
			<string>0E0DE6461891110D000C6B65</string>
			<key>isa</key>
			<string>PBXBuildFile</string>
		</dict>
		<key>0E0DE69D1891110D000C6B65</key>
		<dict>
			<key>fileRef</key>
			<string>0E0DE6471891110D000C6B65</string>
			<key>isa</key>
			<string>PBXBuildFile</string>
		</dict>
		<key>0E0DE69E1891110D000C6B65</key>
		<dict>
			<key>fileRef</key>
			<string>0E0DE6481891110D000C6B65</string>
			<key>isa</key>
			<string>PBXBuildFile</string>
		</dict>
		<key>0E0DE69F1891110D000C6B65</key>
		<dict>
			<key>fileRef</key>
			<string>0E0DE6491891110D000C6B65</string>
			<key>isa</key>
			<string>PBXBuildFile</string>
		</dict>
		<key>0E0DE6A01891110D000C6B65</key>
		<dict>
			<key>fileRef</key>
			<string>0E0DE64A1891110D000C6B65</string>
			<key>isa</key>
			<string>PBXBuildFile</string>
		</dict>
		<key>0E0DE6A11891110D000C6B65</key>
		<dict>
			<key>fileRef</key>
			<string>0E0DE64B1891110D000C6B65</string>
			<key>isa</key>
			<string>PBXBuildFile</string>
		</dict>
		<key>0E0DE6A21891110D000C6B65</key>
		<dict>
			<key>fileRef</key>
			<string>0E0DE64C1891110D000C6B65</string>
			<key>isa</key>
			<string>PBXBuildFile</string>
		</dict>
		<key>0E0DE6A31891110D000C6B65</key>
		<dict>
			<key>fileRef</key>
			<string>0E0DE64D1891110D000C6B65</string>
			<key>isa</key>
			<string>PBXBuildFile</string>
		</dict>
		<key>0E0DE6A41891110D000C6B65</key>
		<dict>
			<key>fileRef</key>
			<string>0E0DE64E1891110D000C6B65</string>
			<key>isa</key>
			<string>PBXBuildFile</string>
		</dict>
		<key>0E0DE6A51891110D000C6B65</key>
		<dict>
			<key>fileRef</key>
			<string>0E0DE64F1891110D000C6B65</string>
			<key>isa</key>
			<string>PBXBuildFile</string>
		</dict>
		<key>0E0DE6A61891110D000C6B65</key>
		<dict>
			<key>fileRef</key>
			<string>0E0DE6501891110D000C6B65</string>
			<key>isa</key>
			<string>PBXBuildFile</string>
		</dict>
		<key>0E0DE6A71891110D000C6B65</key>
		<dict>
			<key>fileRef</key>
			<string>0E0DE6511891110D000C6B65</string>
			<key>isa</key>
			<string>PBXBuildFile</string>
		</dict>
		<key>0E0DE6A81891110D000C6B65</key>
		<dict>
			<key>fileRef</key>
			<string>0E0DE6521891110D000C6B65</string>
			<key>isa</key>
			<string>PBXBuildFile</string>
		</dict>
		<key>0E0DE6A91891110D000C6B65</key>
		<dict>
			<key>fileRef</key>
			<string>0E0DE6531891110D000C6B65</string>
			<key>isa</key>
			<string>PBXBuildFile</string>
		</dict>
		<key>0E0DE6AA1891110D000C6B65</key>
		<dict>
			<key>fileRef</key>
			<string>0E0DE6541891110D000C6B65</string>
			<key>isa</key>
			<string>PBXBuildFile</string>
		</dict>
		<key>0E0DE6AB1891110D000C6B65</key>
		<dict>
			<key>fileRef</key>
			<string>0E0DE6551891110D000C6B65</string>
			<key>isa</key>
			<string>PBXBuildFile</string>
		</dict>
		<key>0E0DE6AC1891110D000C6B65</key>
		<dict>
			<key>fileRef</key>
			<string>0E0DE6561891110D000C6B65</string>
			<key>isa</key>
			<string>PBXBuildFile</string>
		</dict>
		<key>0E0DE6AD1891110D000C6B65</key>
		<dict>
			<key>fileRef</key>
			<string>0E0DE6571891110D000C6B65</string>
			<key>isa</key>
			<string>PBXBuildFile</string>
		</dict>
		<key>0E0DE6AE1891110D000C6B65</key>
		<dict>
			<key>fileRef</key>
			<string>0E0DE6581891110D000C6B65</string>
			<key>isa</key>
			<string>PBXBuildFile</string>
		</dict>
		<key>0E0DE6AF1891110D000C6B65</key>
		<dict>
			<key>fileRef</key>
			<string>0E0DE6591891110D000C6B65</string>
			<key>isa</key>
			<string>PBXBuildFile</string>
		</dict>
		<key>0E0DE6B01891110D000C6B65</key>
		<dict>
			<key>fileRef</key>
			<string>0E0DE65A1891110D000C6B65</string>
			<key>isa</key>
			<string>PBXBuildFile</string>
		</dict>
		<key>0E0DE6B11891110D000C6B65</key>
		<dict>
			<key>fileRef</key>
			<string>0E0DE65B1891110D000C6B65</string>
			<key>isa</key>
			<string>PBXBuildFile</string>
		</dict>
		<key>0E0DE6B21891110D000C6B65</key>
		<dict>
			<key>fileRef</key>
			<string>0E0DE65C1891110D000C6B65</string>
			<key>isa</key>
			<string>PBXBuildFile</string>
		</dict>
		<key>0E0DE6B31891110D000C6B65</key>
		<dict>
			<key>fileRef</key>
			<string>0E0DE65D1891110D000C6B65</string>
			<key>isa</key>
			<string>PBXBuildFile</string>
		</dict>
		<key>0E0DE6B41891110D000C6B65</key>
		<dict>
			<key>fileRef</key>
			<string>0E0DE65E1891110D000C6B65</string>
			<key>isa</key>
			<string>PBXBuildFile</string>
		</dict>
		<key>0E0DE6B51891110D000C6B65</key>
		<dict>
			<key>fileRef</key>
			<string>0E0DE65F1891110D000C6B65</string>
			<key>isa</key>
			<string>PBXBuildFile</string>
		</dict>
		<key>0E0DE6B61891110D000C6B65</key>
		<dict>
			<key>fileRef</key>
			<string>0E0DE6601891110D000C6B65</string>
			<key>isa</key>
			<string>PBXBuildFile</string>
		</dict>
		<key>0E0DE6B71891110D000C6B65</key>
		<dict>
			<key>fileRef</key>
			<string>0E0DE6611891110D000C6B65</string>
			<key>isa</key>
			<string>PBXBuildFile</string>
		</dict>
		<key>0E0DE6B81891110D000C6B65</key>
		<dict>
			<key>fileRef</key>
			<string>0E0DE6621891110D000C6B65</string>
			<key>isa</key>
			<string>PBXBuildFile</string>
		</dict>
		<key>0E0DE6B91891110D000C6B65</key>
		<dict>
			<key>fileRef</key>
			<string>0E0DE6631891110D000C6B65</string>
			<key>isa</key>
			<string>PBXBuildFile</string>
		</dict>
		<key>0E0DE6BA1891110D000C6B65</key>
		<dict>
			<key>fileRef</key>
			<string>0E0DE6641891110D000C6B65</string>
			<key>isa</key>
			<string>PBXBuildFile</string>
		</dict>
		<key>0E0DE6BB1891110D000C6B65</key>
		<dict>
			<key>fileRef</key>
			<string>0E0DE6651891110D000C6B65</string>
			<key>isa</key>
			<string>PBXBuildFile</string>
		</dict>
		<key>0E0DE6BC1891110D000C6B65</key>
		<dict>
			<key>fileRef</key>
			<string>0E0DE6661891110D000C6B65</string>
			<key>isa</key>
			<string>PBXBuildFile</string>
		</dict>
		<key>0E0DE6BD1891110D000C6B65</key>
		<dict>
			<key>fileRef</key>
			<string>0E0DE66A1891110D000C6B65</string>
			<key>isa</key>
			<string>PBXBuildFile</string>
		</dict>
		<key>0E0DE6BE1891110D000C6B65</key>
		<dict>
			<key>fileRef</key>
			<string>0E0DE66E1891110D000C6B65</string>
			<key>isa</key>
			<string>PBXBuildFile</string>
		</dict>
		<key>0E0DE6BF1891110D000C6B65</key>
		<dict>
			<key>fileRef</key>
			<string>0E0DE6711891110D000C6B65</string>
			<key>isa</key>
			<string>PBXBuildFile</string>
		</dict>
		<key>0E0DE6C01891110D000C6B65</key>
		<dict>
			<key>fileRef</key>
			<string>0E0DE6731891110D000C6B65</string>
			<key>isa</key>
			<string>PBXBuildFile</string>
		</dict>
		<key>0E0DE6C11891110D000C6B65</key>
		<dict>
			<key>fileRef</key>
			<string>0E0DE6751891110D000C6B65</string>
			<key>isa</key>
			<string>PBXBuildFile</string>
		</dict>
		<key>0E0DE6C21891110D000C6B65</key>
		<dict>
			<key>fileRef</key>
			<string>0E0DE6761891110D000C6B65</string>
			<key>isa</key>
			<string>PBXBuildFile</string>
		</dict>
		<key>0E0DE6C31891110D000C6B65</key>
		<dict>
			<key>fileRef</key>
			<string>0E0DE6771891110D000C6B65</string>
			<key>isa</key>
			<string>PBXBuildFile</string>
		</dict>
		<key>0E0DE6C41891110D000C6B65</key>
		<dict>
			<key>fileRef</key>
			<string>0E0DE6781891110D000C6B65</string>
			<key>isa</key>
			<string>PBXBuildFile</string>
		</dict>
		<key>0E0DE6C51891110D000C6B65</key>
		<dict>
			<key>fileRef</key>
			<string>0E0DE6791891110D000C6B65</string>
			<key>isa</key>
			<string>PBXBuildFile</string>
		</dict>
		<key>0E0DE6C61891110D000C6B65</key>
		<dict>
			<key>fileRef</key>
			<string>0E0DE67C1891110D000C6B65</string>
			<key>isa</key>
			<string>PBXBuildFile</string>
		</dict>
		<key>0E0DE6C71891110D000C6B65</key>
		<dict>
			<key>fileRef</key>
			<string>0E0DE67E1891110D000C6B65</string>
			<key>isa</key>
			<string>PBXBuildFile</string>
		</dict>
		<key>0E0DE6C81891110D000C6B65</key>
		<dict>
			<key>fileRef</key>
			<string>0E0DE6801891110D000C6B65</string>
			<key>isa</key>
			<string>PBXBuildFile</string>
		</dict>
		<key>0E0DE6C91891110D000C6B65</key>
		<dict>
			<key>fileRef</key>
			<string>0E0DE6821891110D000C6B65</string>
			<key>isa</key>
			<string>PBXBuildFile</string>
		</dict>
		<key>0E8DCBFE1894A5B5000C52CA</key>
		<dict>
			<key>fileEncoding</key>
			<string>4</string>
			<key>isa</key>
			<string>PBXFileReference</string>
			<key>lastKnownFileType</key>
			<string>sourcecode.c.h</string>
			<key>path</key>
			<string>FeedController.h</string>
			<key>sourceTree</key>
			<string>&lt;group&gt;</string>
		</dict>
		<key>0E8DCBFF1894A5B5000C52CA</key>
		<dict>
			<key>fileEncoding</key>
			<string>4</string>
			<key>isa</key>
			<string>PBXFileReference</string>
			<key>lastKnownFileType</key>
			<string>sourcecode.c.objc</string>
			<key>path</key>
			<string>FeedController.m</string>
			<key>sourceTree</key>
			<string>&lt;group&gt;</string>
		</dict>
		<key>0E8DCC001894A5B5000C52CA</key>
		<dict>
			<key>fileRef</key>
			<string>0E8DCBFF1894A5B5000C52CA</string>
			<key>isa</key>
			<string>PBXBuildFile</string>
		</dict>
		<key>0E8DCC011894A5DF000C52CA</key>
		<dict>
			<key>fileEncoding</key>
			<string>4</string>
			<key>isa</key>
			<string>PBXFileReference</string>
			<key>lastKnownFileType</key>
			<string>sourcecode.c.h</string>
			<key>path</key>
			<string>FeedCell.h</string>
			<key>sourceTree</key>
			<string>&lt;group&gt;</string>
		</dict>
		<key>0E8DCC021894A5DF000C52CA</key>
		<dict>
			<key>fileEncoding</key>
			<string>4</string>
			<key>isa</key>
			<string>PBXFileReference</string>
			<key>lastKnownFileType</key>
			<string>sourcecode.c.objc</string>
			<key>path</key>
			<string>FeedCell.m</string>
			<key>sourceTree</key>
			<string>&lt;group&gt;</string>
		</dict>
		<key>0E8DCC031894A5DF000C52CA</key>
		<dict>
			<key>fileRef</key>
			<string>0E8DCC021894A5DF000C52CA</string>
			<key>isa</key>
			<string>PBXBuildFile</string>
		</dict>
		<key>406445C47B284D3DB731637B</key>
		<dict>
			<key>buildActionMask</key>
			<string>2147483647</string>
			<key>files</key>
			<array/>
			<key>inputPaths</key>
			<array/>
			<key>isa</key>
			<string>PBXShellScriptBuildPhase</string>
			<key>name</key>
			<string>Copy Pods Resources</string>
			<key>outputPaths</key>
			<array/>
			<key>runOnlyForDeploymentPostprocessing</key>
			<string>0</string>
			<key>shellPath</key>
			<string>/bin/sh</string>
			<key>shellScript</key>
			<string>"${SRCROOT}/Pods/Pods-resources.sh"
</string>
			<key>showEnvVarsInLog</key>
			<string>0</string>
		</dict>
		<key>6AB5449440F24E0A87B0B39D</key>
		<dict>
			<key>includeInIndex</key>
			<string>1</string>
			<key>isa</key>
			<string>PBXFileReference</string>
			<key>lastKnownFileType</key>
			<string>text.xcconfig</string>
			<key>name</key>
			<string>Pods.xcconfig</string>
			<key>path</key>
			<string>Pods/Pods.xcconfig</string>
			<key>sourceTree</key>
			<string>&lt;group&gt;</string>
		</dict>
		<key>7356E6ADDE0E438281CFEBBF</key>
		<dict>
			<key>explicitFileType</key>
			<string>archive.ar</string>
			<key>includeInIndex</key>
			<string>0</string>
			<key>isa</key>
			<string>PBXFileReference</string>
			<key>path</key>
			<string>libPods.a</string>
			<key>sourceTree</key>
			<string>BUILT_PRODUCTS_DIR</string>
		</dict>
		<key>7C47C0C8B09D4E43837CF492</key>
		<dict>
			<key>buildActionMask</key>
			<string>2147483647</string>
			<key>files</key>
			<array/>
			<key>inputPaths</key>
			<array/>
			<key>isa</key>
			<string>PBXShellScriptBuildPhase</string>
			<key>name</key>
			<string>Check Pods Manifest.lock</string>
			<key>outputPaths</key>
			<array/>
			<key>runOnlyForDeploymentPostprocessing</key>
			<string>0</string>
			<key>shellPath</key>
			<string>/bin/sh</string>
			<key>shellScript</key>
			<string>diff "${PODS_ROOT}/../Podfile.lock" "${PODS_ROOT}/Manifest.lock" &gt; /dev/null
if [[ $? != 0 ]] ; then
    cat &lt;&lt; EOM
error: The sandbox is not in sync with the Podfile.lock. Run 'pod install' or update your CocoaPods installation.
EOM
    exit 1
fi
</string>
			<key>showEnvVarsInLog</key>
			<string>0</string>
		</dict>
		<key>E77236E7922F41B8AF295E24</key>
		<dict>
			<key>fileRef</key>
			<string>7356E6ADDE0E438281CFEBBF</string>
			<key>isa</key>
			<string>PBXBuildFile</string>
		</dict>
		<key>ED4B39C017E91A080007F5BE</key>
		<dict>
			<key>children</key>
			<array>
				<string>0E0DE60D1891110D000C6B65</string>
				<string>ED4B39EB17E91A090007F5BE</string>
				<string>ED4B39CB17E91A080007F5BE</string>
				<string>ED4B39CA17E91A080007F5BE</string>
				<string>6AB5449440F24E0A87B0B39D</string>
			</array>
			<key>isa</key>
			<string>PBXGroup</string>
			<key>sourceTree</key>
			<string>&lt;group&gt;</string>
		</dict>
		<key>ED4B39C117E91A080007F5BE</key>
		<dict>
			<key>attributes</key>
			<dict>
				<key>LastUpgradeCheck</key>
				<string>0500</string>
				<key>ORGANIZATIONNAME</key>
				<string>Facebook Inc</string>
				<key>TargetAttributes</key>
				<dict>
					<key>ED4B39E317E91A090007F5BE</key>
					<dict>
						<key>TestTargetID</key>
						<string>ED4B39C817E91A080007F5BE</string>
					</dict>
				</dict>
			</dict>
			<key>buildConfigurationList</key>
			<string>ED4B39C417E91A080007F5BE</string>
			<key>compatibilityVersion</key>
			<string>Xcode 3.2</string>
			<key>developmentRegion</key>
			<string>English</string>
			<key>hasScannedForEncodings</key>
			<string>0</string>
			<key>isa</key>
			<string>PBXProject</string>
			<key>knownRegions</key>
			<array>
				<string>en</string>
				<string>Base</string>
				<string>he</string>
			</array>
			<key>mainGroup</key>
			<string>ED4B39C017E91A080007F5BE</string>
			<key>productRefGroup</key>
			<string>ED4B39CA17E91A080007F5BE</string>
			<key>projectDirPath</key>
			<string></string>
			<key>projectReferences</key>
			<array/>
			<key>projectRoot</key>
			<string></string>
			<key>targets</key>
			<array>
				<string>ED4B39C817E91A080007F5BE</string>
				<string>ED4B39E317E91A090007F5BE</string>
			</array>
		</dict>
		<key>ED4B39C417E91A080007F5BE</key>
		<dict>
			<key>buildConfigurations</key>
			<array>
				<string>ED4B39F317E91A090007F5BE</string>
				<string>ED4B39F417E91A090007F5BE</string>
			</array>
			<key>defaultConfigurationIsVisible</key>
			<string>0</string>
			<key>defaultConfigurationName</key>
			<string>Release</string>
			<key>isa</key>
			<string>XCConfigurationList</string>
		</dict>
		<key>ED4B39C517E91A080007F5BE</key>
		<dict>
			<key>buildActionMask</key>
			<string>2147483647</string>
			<key>files</key>
			<array>
				<string>0E0DE6C61891110D000C6B65</string>
				<string>0E0DE6971891110D000C6B65</string>
				<string>0E0DE6BF1891110D000C6B65</string>
				<string>0E8DCC001894A5B5000C52CA</string>
				<string>0E0DE6C91891110D000C6B65</string>
				<string>0E0DE6951891110D000C6B65</string>
				<string>0E0DE6BE1891110D000C6B65</string>
				<string>0E0DE6921891110D000C6B65</string>
				<string>0E0DE6C71891110D000C6B65</string>
				<string>0E8DCC031894A5DF000C52CA</string>
				<string>0E0DE6C81891110D000C6B65</string>
				<string>0E0DE6931891110D000C6B65</string>
				<string>0E0DE6C01891110D000C6B65</string>
				<string>0E0DE6BD1891110D000C6B65</string>
				<string>0E0DE6891891110D000C6B65</string>
				<string>0E0DE69B1891110D000C6B65</string>
				<string>0E0DE6911891110D000C6B65</string>
				<string>0E0DE68F1891110D000C6B65</string>
				<string>0E0DE6901891110D000C6B65</string>
				<string>0E0DE6981891110D000C6B65</string>
				<string>0E0DE6941891110D000C6B65</string>
				<string>0E0DE6881891110D000C6B65</string>
				<string>0E0DE6831891110D000C6B65</string>
				<string>0E0DE6991891110D000C6B65</string>
			</array>
			<key>isa</key>
			<string>PBXSourcesBuildPhase</string>
			<key>runOnlyForDeploymentPostprocessing</key>
			<string>0</string>
		</dict>
		<key>ED4B39C617E91A080007F5BE</key>
		<dict>
			<key>buildActionMask</key>
			<string>2147483647</string>
			<key>files</key>
			<array>
				<string>ED4B39CF17E91A080007F5BE</string>
				<string>ED4B39D117E91A080007F5BE</string>
				<string>ED4B39CD17E91A080007F5BE</string>
				<string>E77236E7922F41B8AF295E24</string>
			</array>
			<key>isa</key>
			<string>PBXFrameworksBuildPhase</string>
			<key>runOnlyForDeploymentPostprocessing</key>
			<string>0</string>
		</dict>
		<key>ED4B39C717E91A080007F5BE</key>
		<dict>
			<key>buildActionMask</key>
			<string>2147483647</string>
			<key>files</key>
			<array>
				<string>0E0DE6961891110D000C6B65</string>
				<string>0E0DE69C1891110D000C6B65</string>
				<string>0E0DE6C11891110D000C6B65</string>
				<string>0E0DE6AD1891110D000C6B65</string>
				<string>0E0DE6B01891110D000C6B65</string>
				<string>0E0DE6B71891110D000C6B65</string>
				<string>0E0DE6A81891110D000C6B65</string>
				<string>0E0DE68B1891110D000C6B65</string>
				<string>0E0DE6B81891110D000C6B65</string>
				<string>0E0DE68D1891110D000C6B65</string>
				<string>0E0DE6AC1891110D000C6B65</string>
				<string>0E0DE6A41891110D000C6B65</string>
				<string>0E0DE6B31891110D000C6B65</string>
				<string>0E0DE6A61891110D000C6B65</string>
				<string>0E0DE6A31891110D000C6B65</string>
				<string>0E0DE6C21891110D000C6B65</string>
				<string>0E0DE6C41891110D000C6B65</string>
				<string>0E0DE68C1891110D000C6B65</string>
				<string>0E0DE6BA1891110D000C6B65</string>
				<string>0E0DE6A11891110D000C6B65</string>
				<string>0E0DE6A21891110D000C6B65</string>
				<string>0E0DE6AF1891110D000C6B65</string>
				<string>0E0DE6A01891110D000C6B65</string>
				<string>0E0DE6A91891110D000C6B65</string>
				<string>0E0DE6C51891110D000C6B65</string>
				<string>0E0DE6C31891110D000C6B65</string>
				<string>0E0DE6B61891110D000C6B65</string>
				<string>0E0DE6A71891110D000C6B65</string>
				<string>0E0DE68E1891110D000C6B65</string>
				<string>0E0DE6BB1891110D000C6B65</string>
				<string>0E0DE6B91891110D000C6B65</string>
				<string>0E0DE69E1891110D000C6B65</string>
				<string>0E0DE6B41891110D000C6B65</string>
				<string>0E0DE6AB1891110D000C6B65</string>
				<string>0E0DE6871891110D000C6B65</string>
				<string>0E0DE6BC1891110D000C6B65</string>
				<string>0E0DE6AE1891110D000C6B65</string>
				<string>0E0DE6B11891110D000C6B65</string>
				<string>0E0DE6B51891110D000C6B65</string>
				<string>0E0DE6A51891110D000C6B65</string>
				<string>0E0DE68A1891110D000C6B65</string>
				<string>0E0DE6AA1891110D000C6B65</string>
				<string>0E0DE69A1891110D000C6B65</string>
				<string>0E0DE6B21891110D000C6B65</string>
				<string>0E0DE69D1891110D000C6B65</string>
				<string>0E0DE69F1891110D000C6B65</string>
			</array>
			<key>isa</key>
			<string>PBXResourcesBuildPhase</string>
			<key>runOnlyForDeploymentPostprocessing</key>
			<string>0</string>
		</dict>
		<key>ED4B39C817E91A080007F5BE</key>
		<dict>
			<key>buildConfigurationList</key>
			<string>ED4B39F517E91A090007F5BE</string>
			<key>buildPhases</key>
			<array>
				<string>7C47C0C8B09D4E43837CF492</string>
				<string>ED4B39C517E91A080007F5BE</string>
				<string>ED4B39C617E91A080007F5BE</string>
				<string>ED4B39C717E91A080007F5BE</string>
				<string>406445C47B284D3DB731637B</string>
			</array>
			<key>buildRules</key>
			<array/>
			<key>dependencies</key>
			<array/>
			<key>isa</key>
			<string>PBXNativeTarget</string>
			<key>name</key>
			<string>PartyAnimal</string>
			<key>productName</key>
			<string>FBLoginUIControlSample</string>
			<key>productReference</key>
			<string>ED4B39C917E91A080007F5BE</string>
			<key>productType</key>
			<string>com.apple.product-type.application</string>
		</dict>
		<key>ED4B39C917E91A080007F5BE</key>
		<dict>
			<key>explicitFileType</key>
			<string>wrapper.application</string>
			<key>includeInIndex</key>
			<string>0</string>
			<key>isa</key>
			<string>PBXFileReference</string>
			<key>path</key>
			<string>PartyAnimal.app</string>
			<key>sourceTree</key>
			<string>BUILT_PRODUCTS_DIR</string>
		</dict>
		<key>ED4B39CA17E91A080007F5BE</key>
		<dict>
			<key>children</key>
			<array>
				<string>ED4B39C917E91A080007F5BE</string>
				<string>ED4B39E417E91A090007F5BE</string>
			</array>
			<key>isa</key>
			<string>PBXGroup</string>
			<key>name</key>
			<string>Products</string>
			<key>sourceTree</key>
			<string>&lt;group&gt;</string>
		</dict>
		<key>ED4B39CB17E91A080007F5BE</key>
		<dict>
			<key>children</key>
			<array>
				<string>ED4B39CC17E91A080007F5BE</string>
				<string>ED4B39CE17E91A080007F5BE</string>
				<string>ED4B39D017E91A080007F5BE</string>
				<string>7356E6ADDE0E438281CFEBBF</string>
			</array>
			<key>isa</key>
			<string>PBXGroup</string>
			<key>name</key>
			<string>Frameworks</string>
			<key>sourceTree</key>
			<string>&lt;group&gt;</string>
		</dict>
		<key>ED4B39CC17E91A080007F5BE</key>
		<dict>
			<key>isa</key>
			<string>PBXFileReference</string>
			<key>lastKnownFileType</key>
			<string>wrapper.framework</string>
			<key>name</key>
			<string>Foundation.framework</string>
			<key>path</key>
			<string>System/Library/Frameworks/Foundation.framework</string>
			<key>sourceTree</key>
			<string>SDKROOT</string>
		</dict>
		<key>ED4B39CD17E91A080007F5BE</key>
		<dict>
			<key>fileRef</key>
			<string>ED4B39CC17E91A080007F5BE</string>
			<key>isa</key>
			<string>PBXBuildFile</string>
		</dict>
		<key>ED4B39CE17E91A080007F5BE</key>
		<dict>
			<key>isa</key>
			<string>PBXFileReference</string>
			<key>lastKnownFileType</key>
			<string>wrapper.framework</string>
			<key>name</key>
			<string>CoreGraphics.framework</string>
			<key>path</key>
			<string>System/Library/Frameworks/CoreGraphics.framework</string>
			<key>sourceTree</key>
			<string>SDKROOT</string>
		</dict>
		<key>ED4B39CF17E91A080007F5BE</key>
		<dict>
			<key>fileRef</key>
			<string>ED4B39CE17E91A080007F5BE</string>
			<key>isa</key>
			<string>PBXBuildFile</string>
		</dict>
		<key>ED4B39D017E91A080007F5BE</key>
		<dict>
			<key>isa</key>
			<string>PBXFileReference</string>
			<key>lastKnownFileType</key>
			<string>wrapper.framework</string>
			<key>name</key>
			<string>UIKit.framework</string>
			<key>path</key>
			<string>System/Library/Frameworks/UIKit.framework</string>
			<key>sourceTree</key>
			<string>SDKROOT</string>
		</dict>
		<key>ED4B39D117E91A080007F5BE</key>
		<dict>
			<key>fileRef</key>
			<string>ED4B39D017E91A080007F5BE</string>
			<key>isa</key>
			<string>PBXBuildFile</string>
		</dict>
		<key>ED4B39E017E91A090007F5BE</key>
		<dict>
			<key>buildActionMask</key>
			<string>2147483647</string>
			<key>files</key>
			<array>
				<string>ED4B39F217E91A090007F5BE</string>
			</array>
			<key>isa</key>
			<string>PBXSourcesBuildPhase</string>
			<key>runOnlyForDeploymentPostprocessing</key>
			<string>0</string>
		</dict>
		<key>ED4B39E117E91A090007F5BE</key>
		<dict>
			<key>buildActionMask</key>
			<string>2147483647</string>
			<key>files</key>
			<array>
				<string>ED4B39E817E91A090007F5BE</string>
				<string>ED4B39E717E91A090007F5BE</string>
			</array>
			<key>isa</key>
			<string>PBXFrameworksBuildPhase</string>
			<key>runOnlyForDeploymentPostprocessing</key>
			<string>0</string>
		</dict>
		<key>ED4B39E217E91A090007F5BE</key>
		<dict>
			<key>buildActionMask</key>
			<string>2147483647</string>
			<key>files</key>
			<array>
				<string>ED4B39F017E91A090007F5BE</string>
			</array>
			<key>isa</key>
			<string>PBXResourcesBuildPhase</string>
			<key>runOnlyForDeploymentPostprocessing</key>
			<string>0</string>
		</dict>
		<key>ED4B39E317E91A090007F5BE</key>
		<dict>
			<key>buildConfigurationList</key>
			<string>ED4B39F817E91A090007F5BE</string>
			<key>buildPhases</key>
			<array>
				<string>ED4B39E017E91A090007F5BE</string>
				<string>ED4B39E117E91A090007F5BE</string>
				<string>ED4B39E217E91A090007F5BE</string>
			</array>
			<key>buildRules</key>
			<array/>
			<key>dependencies</key>
			<array>
				<string>ED4B39EA17E91A090007F5BE</string>
			</array>
			<key>isa</key>
			<string>PBXNativeTarget</string>
			<key>name</key>
			<string>PartyAnimalTests</string>
			<key>productName</key>
			<string>FBLoginUIControlSampleTests</string>
			<key>productReference</key>
			<string>ED4B39E417E91A090007F5BE</string>
			<key>productType</key>
			<string>com.apple.product-type.bundle.unit-test</string>
		</dict>
		<key>ED4B39E417E91A090007F5BE</key>
		<dict>
			<key>explicitFileType</key>
			<string>wrapper.cfbundle</string>
			<key>includeInIndex</key>
			<string>0</string>
			<key>isa</key>
			<string>PBXFileReference</string>
			<key>path</key>
			<string>PartyAnimalTests.xctest</string>
			<key>sourceTree</key>
			<string>BUILT_PRODUCTS_DIR</string>
		</dict>
		<key>ED4B39E717E91A090007F5BE</key>
		<dict>
			<key>fileRef</key>
			<string>ED4B39CC17E91A080007F5BE</string>
			<key>isa</key>
			<string>PBXBuildFile</string>
		</dict>
		<key>ED4B39E817E91A090007F5BE</key>
		<dict>
			<key>fileRef</key>
			<string>ED4B39D017E91A080007F5BE</string>
			<key>isa</key>
			<string>PBXBuildFile</string>
		</dict>
		<key>ED4B39E917E91A090007F5BE</key>
		<dict>
			<key>containerPortal</key>
			<string>ED4B39C117E91A080007F5BE</string>
			<key>isa</key>
			<string>PBXContainerItemProxy</string>
			<key>proxyType</key>
			<string>1</string>
			<key>remoteGlobalIDString</key>
			<string>ED4B39C817E91A080007F5BE</string>
			<key>remoteInfo</key>
			<string>FBLoginUIControlSample</string>
		</dict>
		<key>ED4B39EA17E91A090007F5BE</key>
		<dict>
			<key>isa</key>
			<string>PBXTargetDependency</string>
			<key>target</key>
			<string>ED4B39C817E91A080007F5BE</string>
			<key>targetProxy</key>
			<string>ED4B39E917E91A090007F5BE</string>
		</dict>
		<key>ED4B39EB17E91A090007F5BE</key>
		<dict>
			<key>children</key>
			<array>
				<string>ED4B39F117E91A090007F5BE</string>
				<string>ED4B39EC17E91A090007F5BE</string>
			</array>
			<key>isa</key>
			<string>PBXGroup</string>
			<key>name</key>
			<string>PartyAnimalTests</string>
			<key>path</key>
			<string>FBLoginUIControlSampleTests</string>
			<key>sourceTree</key>
			<string>&lt;group&gt;</string>
		</dict>
		<key>ED4B39EC17E91A090007F5BE</key>
		<dict>
			<key>children</key>
			<array>
				<string>ED4B39ED17E91A090007F5BE</string>
				<string>ED4B39EE17E91A090007F5BE</string>
			</array>
			<key>isa</key>
			<string>PBXGroup</string>
			<key>name</key>
			<string>Supporting Files</string>
			<key>sourceTree</key>
			<string>&lt;group&gt;</string>
		</dict>
		<key>ED4B39ED17E91A090007F5BE</key>
		<dict>
			<key>isa</key>
			<string>PBXFileReference</string>
			<key>lastKnownFileType</key>
			<string>text.plist.xml</string>
			<key>path</key>
			<string>PartyAnimalTests-Info.plist</string>
			<key>sourceTree</key>
			<string>&lt;group&gt;</string>
		</dict>
		<key>ED4B39EE17E91A090007F5BE</key>
		<dict>
			<key>children</key>
			<array>
				<string>ED4B39EF17E91A090007F5BE</string>
			</array>
			<key>isa</key>
			<string>PBXVariantGroup</string>
			<key>name</key>
			<string>InfoPlist.strings</string>
			<key>sourceTree</key>
			<string>&lt;group&gt;</string>
		</dict>
		<key>ED4B39EF17E91A090007F5BE</key>
		<dict>
			<key>isa</key>
			<string>PBXFileReference</string>
			<key>lastKnownFileType</key>
			<string>text.plist.strings</string>
			<key>name</key>
			<string>en</string>
			<key>path</key>
			<string>en.lproj/InfoPlist.strings</string>
			<key>sourceTree</key>
			<string>&lt;group&gt;</string>
		</dict>
		<key>ED4B39F017E91A090007F5BE</key>
		<dict>
			<key>fileRef</key>
			<string>ED4B39EE17E91A090007F5BE</string>
			<key>isa</key>
			<string>PBXBuildFile</string>
		</dict>
		<key>ED4B39F117E91A090007F5BE</key>
		<dict>
			<key>isa</key>
			<string>PBXFileReference</string>
			<key>lastKnownFileType</key>
			<string>sourcecode.c.objc</string>
			<key>path</key>
			<string>FBLoginUIControlSampleTests.m</string>
			<key>sourceTree</key>
			<string>&lt;group&gt;</string>
		</dict>
		<key>ED4B39F217E91A090007F5BE</key>
		<dict>
			<key>fileRef</key>
			<string>ED4B39F117E91A090007F5BE</string>
			<key>isa</key>
			<string>PBXBuildFile</string>
		</dict>
		<key>ED4B39F317E91A090007F5BE</key>
		<dict>
			<key>buildSettings</key>
			<dict>
				<key>ALWAYS_SEARCH_USER_PATHS</key>
				<string>NO</string>
				<key>CLANG_CXX_LANGUAGE_STANDARD</key>
				<string>gnu++0x</string>
				<key>CLANG_CXX_LIBRARY</key>
				<string>libc++</string>
				<key>CLANG_ENABLE_MODULES</key>
				<string>YES</string>
				<key>CLANG_ENABLE_OBJC_ARC</key>
				<string>YES</string>
				<key>CLANG_WARN_BOOL_CONVERSION</key>
				<string>YES</string>
				<key>CLANG_WARN_CONSTANT_CONVERSION</key>
				<string>YES</string>
				<key>CLANG_WARN_DIRECT_OBJC_ISA_USAGE</key>
				<string>YES_ERROR</string>
				<key>CLANG_WARN_EMPTY_BODY</key>
				<string>YES</string>
				<key>CLANG_WARN_ENUM_CONVERSION</key>
				<string>YES</string>
				<key>CLANG_WARN_INT_CONVERSION</key>
				<string>YES</string>
				<key>CLANG_WARN_OBJC_ROOT_CLASS</key>
				<string>YES_ERROR</string>
				<key>CLANG_WARN__DUPLICATE_METHOD_MATCH</key>
				<string>YES</string>
				<key>CODE_SIGN_IDENTITY[sdk=iphoneos*]</key>
				<string>iPhone Developer</string>
				<key>COPY_PHASE_STRIP</key>
				<string>NO</string>
				<key>GCC_C_LANGUAGE_STANDARD</key>
				<string>gnu99</string>
				<key>GCC_DYNAMIC_NO_PIC</key>
				<string>NO</string>
				<key>GCC_OPTIMIZATION_LEVEL</key>
				<string>0</string>
				<key>GCC_PREPROCESSOR_DEFINITIONS</key>
				<array>
					<string>DEBUG=1</string>
					<string>$(inherited)</string>
				</array>
				<key>GCC_SYMBOLS_PRIVATE_EXTERN</key>
				<string>NO</string>
				<key>GCC_WARN_ABOUT_RETURN_TYPE</key>
				<string>YES_ERROR</string>
				<key>GCC_WARN_UNDECLARED_SELECTOR</key>
				<string>YES</string>
				<key>GCC_WARN_UNINITIALIZED_AUTOS</key>
				<string>YES</string>
				<key>GCC_WARN_UNUSED_FUNCTION</key>
				<string>YES</string>
				<key>GCC_WARN_UNUSED_VARIABLE</key>
				<string>YES</string>
				<key>IPHONEOS_DEPLOYMENT_TARGET</key>
				<string>7.0</string>
				<key>ONLY_ACTIVE_ARCH</key>
				<string>YES</string>
				<key>SDKROOT</key>
				<string>iphoneos</string>
			</dict>
			<key>isa</key>
			<string>XCBuildConfiguration</string>
			<key>name</key>
			<string>Debug</string>
		</dict>
		<key>ED4B39F417E91A090007F5BE</key>
		<dict>
			<key>buildSettings</key>
			<dict>
				<key>ALWAYS_SEARCH_USER_PATHS</key>
				<string>NO</string>
				<key>CLANG_CXX_LANGUAGE_STANDARD</key>
				<string>gnu++0x</string>
				<key>CLANG_CXX_LIBRARY</key>
				<string>libc++</string>
				<key>CLANG_ENABLE_MODULES</key>
				<string>YES</string>
				<key>CLANG_ENABLE_OBJC_ARC</key>
				<string>YES</string>
				<key>CLANG_WARN_BOOL_CONVERSION</key>
				<string>YES</string>
				<key>CLANG_WARN_CONSTANT_CONVERSION</key>
				<string>YES</string>
				<key>CLANG_WARN_DIRECT_OBJC_ISA_USAGE</key>
				<string>YES_ERROR</string>
				<key>CLANG_WARN_EMPTY_BODY</key>
				<string>YES</string>
				<key>CLANG_WARN_ENUM_CONVERSION</key>
				<string>YES</string>
				<key>CLANG_WARN_INT_CONVERSION</key>
				<string>YES</string>
				<key>CLANG_WARN_OBJC_ROOT_CLASS</key>
				<string>YES_ERROR</string>
				<key>CLANG_WARN__DUPLICATE_METHOD_MATCH</key>
				<string>YES</string>
				<key>CODE_SIGN_IDENTITY[sdk=iphoneos*]</key>
				<string>iPhone Developer</string>
				<key>COPY_PHASE_STRIP</key>
				<string>YES</string>
				<key>ENABLE_NS_ASSERTIONS</key>
				<string>NO</string>
				<key>GCC_C_LANGUAGE_STANDARD</key>
				<string>gnu99</string>
				<key>GCC_WARN_ABOUT_RETURN_TYPE</key>
				<string>YES_ERROR</string>
				<key>GCC_WARN_UNDECLARED_SELECTOR</key>
				<string>YES</string>
				<key>GCC_WARN_UNINITIALIZED_AUTOS</key>
				<string>YES</string>
				<key>GCC_WARN_UNUSED_FUNCTION</key>
				<string>YES</string>
				<key>GCC_WARN_UNUSED_VARIABLE</key>
				<string>YES</string>
				<key>IPHONEOS_DEPLOYMENT_TARGET</key>
				<string>7.0</string>
				<key>SDKROOT</key>
				<string>iphoneos</string>
				<key>VALIDATE_PRODUCT</key>
				<string>YES</string>
			</dict>
			<key>isa</key>
			<string>XCBuildConfiguration</string>
			<key>name</key>
			<string>Release</string>
		</dict>
		<key>ED4B39F517E91A090007F5BE</key>
		<dict>
			<key>buildConfigurations</key>
			<array>
				<string>ED4B39F617E91A090007F5BE</string>
				<string>ED4B39F717E91A090007F5BE</string>
			</array>
			<key>defaultConfigurationIsVisible</key>
			<string>0</string>
			<key>defaultConfigurationName</key>
			<string>Release</string>
			<key>isa</key>
			<string>XCConfigurationList</string>
		</dict>
		<key>ED4B39F617E91A090007F5BE</key>
		<dict>
			<key>baseConfigurationReference</key>
			<string>6AB5449440F24E0A87B0B39D</string>
			<key>buildSettings</key>
			<dict>
				<key>ASSETCATALOG_COMPILER_APPICON_NAME</key>
				<string>AppIcon</string>
				<key>ASSETCATALOG_COMPILER_LAUNCHIMAGE_NAME</key>
				<string>LaunchImage</string>
				<key>FRAMEWORK_SEARCH_PATHS</key>
				<array>
					<string>$(inherited)</string>
					<string>$(SRCROOT)</string>
					<string>$(SRCROOT)/..</string>
				</array>
				<key>GCC_PRECOMPILE_PREFIX_HEADER</key>
				<string>YES</string>
				<key>GCC_PREFIX_HEADER</key>
				<string>FBLoginUIControlSample/PartyAnimal-Prefix.pch</string>
				<key>INFOPLIST_FILE</key>
				<string>$(SRCROOT)/FBLoginUIControlSample/PartyAnimal-Info.plist</string>
				<key>PRODUCT_NAME</key>
				<string>PartyAnimal</string>
				<key>WRAPPER_EXTENSION</key>
				<string>app</string>
			</dict>
			<key>isa</key>
			<string>XCBuildConfiguration</string>
			<key>name</key>
			<string>Debug</string>
		</dict>
		<key>ED4B39F717E91A090007F5BE</key>
		<dict>
			<key>baseConfigurationReference</key>
			<string>6AB5449440F24E0A87B0B39D</string>
			<key>buildSettings</key>
			<dict>
				<key>ASSETCATALOG_COMPILER_APPICON_NAME</key>
				<string>AppIcon</string>
				<key>ASSETCATALOG_COMPILER_LAUNCHIMAGE_NAME</key>
				<string>LaunchImage</string>
				<key>FRAMEWORK_SEARCH_PATHS</key>
				<array>
					<string>$(inherited)</string>
					<string>$(SRCROOT)</string>
					<string>$(SRCROOT)/..</string>
				</array>
				<key>GCC_PRECOMPILE_PREFIX_HEADER</key>
				<string>YES</string>
				<key>GCC_PREFIX_HEADER</key>
				<string>FBLoginUIControlSample/PartyAnimal-Prefix.pch</string>
				<key>INFOPLIST_FILE</key>
				<string>$(SRCROOT)/FBLoginUIControlSample/PartyAnimal-Info.plist</string>
				<key>PRODUCT_NAME</key>
				<string>PartyAnimal</string>
				<key>WRAPPER_EXTENSION</key>
				<string>app</string>
			</dict>
			<key>isa</key>
			<string>XCBuildConfiguration</string>
			<key>name</key>
			<string>Release</string>
		</dict>
		<key>ED4B39F817E91A090007F5BE</key>
		<dict>
			<key>buildConfigurations</key>
			<array>
				<string>ED4B39F917E91A090007F5BE</string>
				<string>ED4B39FA17E91A090007F5BE</string>
			</array>
			<key>defaultConfigurationIsVisible</key>
			<string>0</string>
			<key>defaultConfigurationName</key>
			<string>Release</string>
			<key>isa</key>
			<string>XCConfigurationList</string>
		</dict>
		<key>ED4B39F917E91A090007F5BE</key>
		<dict>
			<key>buildSettings</key>
			<dict>
				<key>BUNDLE_LOADER</key>
				<string>$(BUILT_PRODUCTS_DIR)/FBLoginUIControlSample.app/FBLoginUIControlSample</string>
				<key>FRAMEWORK_SEARCH_PATHS</key>
				<array>
					<string>$(SDKROOT)/Developer/Library/Frameworks</string>
					<string>$(inherited)</string>
					<string>$(SYSTEM_APPS_DIR)/Xcode5-DP3.app/Contents/Developer/Library/Frameworks</string>
				</array>
				<key>GCC_PRECOMPILE_PREFIX_HEADER</key>
				<string>YES</string>
				<key>GCC_PREFIX_HEADER</key>
				<string>FBLoginUIControlSample/FBLoginUIControlSample-Prefix.pch</string>
				<key>GCC_PREPROCESSOR_DEFINITIONS</key>
				<array>
					<string>DEBUG=1</string>
					<string>$(inherited)</string>
				</array>
				<key>INFOPLIST_FILE</key>
				<string>FBLoginUIControlSampleTests/PartyAnimalTests-Info.plist</string>
				<key>PRODUCT_NAME</key>
				<string>PartyAnimalTests</string>
				<key>TEST_HOST</key>
				<string>$(BUNDLE_LOADER)</string>
				<key>WRAPPER_EXTENSION</key>
				<string>xctest</string>
			</dict>
			<key>isa</key>
			<string>XCBuildConfiguration</string>
			<key>name</key>
			<string>Debug</string>
		</dict>
		<key>ED4B39FA17E91A090007F5BE</key>
		<dict>
			<key>buildSettings</key>
			<dict>
				<key>BUNDLE_LOADER</key>
				<string>$(BUILT_PRODUCTS_DIR)/FBLoginUIControlSample.app/FBLoginUIControlSample</string>
				<key>FRAMEWORK_SEARCH_PATHS</key>
				<array>
					<string>$(SDKROOT)/Developer/Library/Frameworks</string>
					<string>$(inherited)</string>
					<string>$(SYSTEM_APPS_DIR)/Xcode5-DP3.app/Contents/Developer/Library/Frameworks</string>
				</array>
				<key>GCC_PRECOMPILE_PREFIX_HEADER</key>
				<string>YES</string>
				<key>GCC_PREFIX_HEADER</key>
				<string>FBLoginUIControlSample/FBLoginUIControlSample-Prefix.pch</string>
				<key>INFOPLIST_FILE</key>
				<string>FBLoginUIControlSampleTests/PartyAnimalTests-Info.plist</string>
				<key>PRODUCT_NAME</key>
				<string>PartyAnimalTests</string>
				<key>TEST_HOST</key>
				<string>$(BUNDLE_LOADER)</string>
				<key>WRAPPER_EXTENSION</key>
				<string>xctest</string>
			</dict>
			<key>isa</key>
			<string>XCBuildConfiguration</string>
			<key>name</key>
			<string>Release</string>
		</dict>
	</dict>
	<key>rootObject</key>
	<string>ED4B39C117E91A080007F5BE</string>
</dict>
</plist>
